{
  "name": "Тестовое от Паши (to do)",
  "lockfileVersion": 2,
  "requires": true,
  "packages": {
    "": {
      "dependencies": {
        "react-uuid": "^2.0.0",
        "uuid": "^9.0.0"
      }
    },
    "node_modules/react-uuid": {
      "version": "2.0.0",
      "resolved": "https://registry.npmjs.org/react-uuid/-/react-uuid-2.0.0.tgz",
      "integrity": "sha512-FNUH/8WR/FEtx0Bu6gmt1eONfc413hhvrEXFWUSFGvznUhI4dYoVZA09p7JHoTpnM4WC2D/bG2YSxGKXF4oVLg=="
    },
    "node_modules/uuid": {
      "version": "9.0.0",
      "resolved": "https://registry.npmjs.org/uuid/-/uuid-9.0.0.tgz",
      "integrity": "sha512-MXcSTerfPa4uqyzStbRoTgt5XIe3x5+42+q1sDuy3R5MDk66URdLMOZe5aPX/SQd+kuYAh0FdP/pO28IkQyTeg==",
      "bin": {
        "uuid": "dist/bin/uuid"
      }
    }
  },
  "dependencies": {
    "react-uuid": {
      "version": "2.0.0",
      "resolved": "https://registry.npmjs.org/react-uuid/-/react-uuid-2.0.0.tgz",
      "integrity": "sha512-FNUH/8WR/FEtx0Bu6gmt1eONfc413hhvrEXFWUSFGvznUhI4dYoVZA09p7JHoTpnM4WC2D/bG2YSxGKXF4oVLg=="
    },
    "uuid": {
      "version": "9.0.0",
      "resolved": "https://registry.npmjs.org/uuid/-/uuid-9.0.0.tgz",
      "integrity": "sha512-MXcSTerfPa4uqyzStbRoTgt5XIe3x5+42+q1sDuy3R5MDk66URdLMOZe5aPX/SQd+kuYAh0FdP/pO28IkQyTeg=="
    }
  }
}
